// !$*UTF8*$!
{
	archiveVersion = 1;
	classes = {
	};
	objectVersion = 46;
	objects = {

/* Begin PBXBuildFile section */
		9710DCB41C205CDD00D6E96D /* DetailsViewController.swift in Sources */ = {isa = PBXBuildFile; fileRef = 9710DCB31C205CDD00D6E96D /* DetailsViewController.swift */; };
		971D56981C203C3C00BF0F71 /* AppDelegate.swift in Sources */ = {isa = PBXBuildFile; fileRef = 971D56971C203C3C00BF0F71 /* AppDelegate.swift */; };
		971D569A1C203C3C00BF0F71 /* ViewController.swift in Sources */ = {isa = PBXBuildFile; fileRef = 971D56991C203C3C00BF0F71 /* ViewController.swift */; };
		971D569D1C203C3C00BF0F71 /* Main.storyboard in Resources */ = {isa = PBXBuildFile; fileRef = 971D569B1C203C3C00BF0F71 /* Main.storyboard */; };
		971D569F1C203C3C00BF0F71 /* Assets.xcassets in Resources */ = {isa = PBXBuildFile; fileRef = 971D569E1C203C3C00BF0F71 /* Assets.xcassets */; };
		971D56A21C203C3C00BF0F71 /* LaunchScreen.storyboard in Resources */ = {isa = PBXBuildFile; fileRef = 971D56A01C203C3C00BF0F71 /* LaunchScreen.storyboard */; };
		971D56AB1C204B2800BF0F71 /* RepoViewController.swift in Sources */ = {isa = PBXBuildFile; fileRef = 971D56AA1C204B2800BF0F71 /* RepoViewController.swift */; };
/* End PBXBuildFile section */

/* Begin PBXFileReference section */
		9710DCB31C205CDD00D6E96D /* DetailsViewController.swift */ = {isa = PBXFileReference; fileEncoding = 4; lastKnownFileType = sourcecode.swift; path = DetailsViewController.swift; sourceTree = "<group>"; };
		971D56941C203C3C00BF0F71 /* GitHubSpy.app */ = {isa = PBXFileReference; explicitFileType = wrapper.application; includeInIndex = 0; path = GitHubSpy.app; sourceTree = BUILT_PRODUCTS_DIR; };
		971D56971C203C3C00BF0F71 /* AppDelegate.swift */ = {isa = PBXFileReference; lastKnownFileType = sourcecode.swift; path = AppDelegate.swift; sourceTree = "<group>"; };
		971D56991C203C3C00BF0F71 /* ViewController.swift */ = {isa = PBXFileReference; lastKnownFileType = sourcecode.swift; path = ViewController.swift; sourceTree = "<group>"; };
		971D569C1C203C3C00BF0F71 /* Base */ = {isa = PBXFileReference; lastKnownFileType = file.storyboard; name = Base; path = Base.lproj/Main.storyboard; sourceTree = "<group>"; };
		971D569E1C203C3C00BF0F71 /* Assets.xcassets */ = {isa = PBXFileReference; lastKnownFileType = folder.assetcatalog; path = Assets.xcassets; sourceTree = "<group>"; };
		971D56A11C203C3C00BF0F71 /* Base */ = {isa = PBXFileReference; lastKnownFileType = file.storyboard; name = Base; path = Base.lproj/LaunchScreen.storyboard; sourceTree = "<group>"; };
		971D56A31C203C3C00BF0F71 /* Info.plist */ = {isa = PBXFileReference; lastKnownFileType = text.plist.xml; path = Info.plist; sourceTree = "<group>"; };
		971D56AA1C204B2800BF0F71 /* RepoViewController.swift */ = {isa = PBXFileReference; fileEncoding = 4; lastKnownFileType = sourcecode.swift; path = RepoViewController.swift; sourceTree = "<group>"; };
/* End PBXFileReference section */

/* Begin PBXFrameworksBuildPhase section */
		971D56911C203C3C00BF0F71 /* Frameworks */ = {
			isa = PBXFrameworksBuildPhase;
			buildActionMask = 2147483647;
			files = (
			);
			runOnlyForDeploymentPostprocessing = 0;
		};
/* End PBXFrameworksBuildPhase section */

/* Begin PBXGroup section */
		971D568B1C203C3C00BF0F71 = {
			isa = PBXGroup;
			children = (
				971D56961C203C3C00BF0F71 /* GitHubSpy */,
				971D56951C203C3C00BF0F71 /* Products */,
			);
			sourceTree = "<group>";
		};
		971D56951C203C3C00BF0F71 /* Products */ = {
			isa = PBXGroup;
			children = (
				971D56941C203C3C00BF0F71 /* GitHubSpy.app */,
			);
			name = Products;
			sourceTree = "<group>";
		};
		971D56961C203C3C00BF0F71 /* GitHubSpy */ = {
			isa = PBXGroup;
			children = (
				971D56971C203C3C00BF0F71 /* AppDelegate.swift */,
				971D56991C203C3C00BF0F71 /* ViewController.swift */,
				971D569B1C203C3C00BF0F71 /* Main.storyboard */,
				971D56AA1C204B2800BF0F71 /* RepoViewController.swift */,
				9710DCB31C205CDD00D6E96D /* DetailsViewController.swift */,
				971D569E1C203C3C00BF0F71 /* Assets.xcassets */,
				971D56A01C203C3C00BF0F71 /* LaunchScreen.storyboard */,
				971D56A31C203C3C00BF0F71 /* Info.plist */,
			);
			path = GitHubSpy;
			sourceTree = "<group>";
		};
/* End PBXGroup section */

/* Begin PBXNativeTarget section */
		971D56931C203C3C00BF0F71 /* GitHubSpy */ = {
			isa = PBXNativeTarget;
			buildConfigurationList = 971D56A61C203C3C00BF0F71 /* Build configuration list for PBXNativeTarget "GitHubSpy" */;
			buildPhases = (
				971D56901C203C3C00BF0F71 /* Sources */,
				971D56911C203C3C00BF0F71 /* Frameworks */,
				971D56921C203C3C00BF0F71 /* Resources */,
			);
			buildRules = (
			);
			dependencies = (
			);
			name = GitHubSpy;
			productName = GitHubSpy;
			productReference = 971D56941C203C3C00BF0F71 /* GitHubSpy.app */;
			productType = "com.apple.product-type.application";
		};
/* End PBXNativeTarget section */

/* Begin PBXProject section */
		971D568C1C203C3C00BF0F71 /* Project object */ = {
			isa = PBXProject;
			attributes = {
				LastSwiftUpdateCheck = 0720;
				LastUpgradeCheck = 0720;
				ORGANIZATIONNAME = "zucred AG";
				TargetAttributes = {
					971D56931C203C3C00BF0F71 = {
						CreatedOnToolsVersion = 7.2;
					};
				};
			};
			buildConfigurationList = 971D568F1C203C3C00BF0F71 /* Build configuration list for PBXProject "GitHubSpy" */;
			compatibilityVersion = "Xcode 3.2";
			developmentRegion = English;
			hasScannedForEncodings = 0;
			knownRegions = (
				en,
				Base,
			);
			mainGroup = 971D568B1C203C3C00BF0F71;
			productRefGroup = 971D56951C203C3C00BF0F71 /* Products */;
			projectDirPath = "";
			projectRoot = "";
			targets = (
				971D56931C203C3C00BF0F71 /* GitHubSpy */,
			);
		};
/* End PBXProject section */

/* Begin PBXResourcesBuildPhase section */
		971D56921C203C3C00BF0F71 /* Resources */ = {
			isa = PBXResourcesBuildPhase;
			buildActionMask = 2147483647;
			files = (
				971D56A21C203C3C00BF0F71 /* LaunchScreen.storyboard in Resources */,
				971D569F1C203C3C00BF0F71 /* Assets.xcassets in Resources */,
				971D569D1C203C3C00BF0F71 /* Main.storyboard in Resources */,
			);
			runOnlyForDeploymentPostprocessing = 0;
		};
/* End PBXResourcesBuildPhase section */

/* Begin PBXSourcesBuildPhase section */
		971D56901C203C3C00BF0F71 /* Sources */ = {
			isa = PBXSourcesBuildPhase;
			buildActionMask = 2147483647;
			files = (
				971D569A1C203C3C00BF0F71 /* ViewController.swift in Sources */,
				9710DCB41C205CDD00D6E96D /* DetailsViewController.swift in Sources */,
				971D56981C203C3C00BF0F71 /* AppDelegate.swift in Sources */,
				971D56AB1C204B2800BF0F71 /* RepoViewController.swift in Sources */,
			);
			runOnlyForDeploymentPostprocessing = 0;
		};
/* End PBXSourcesBuildPhase section */

/* Begin PBXVariantGroup section */
		971D569B1C203C3C00BF0F71 /* Main.storyboard */ = {
			isa = PBXVariantGroup;
			children = (
				971D569C1C203C3C00BF0F71 /* Base */,
			);
			name = Main.storyboard;
			sourceTree = "<group>";
		};
		971D56A01C203C3C00BF0F71 /* LaunchScreen.storyboard */ = {
			isa = PBXVariantGroup;
			children = (
				971D56A11C203C3C00BF0F71 /* Base */,
			);
			name = LaunchScreen.storyboard;
			sourceTree = "<group>";
		};
/* End PBXVariantGroup section */

/* Begin XCBuildConfiguration section */
		971D56A41C203C3C00BF0F71 /* Debug */ = {
			isa = XCBuildConfiguration;
			buildSettings = {
				ALWAYS_SEARCH_USER_PATHS = NO;
				CLANG_CXX_LANGUAGE_STANDARD = "gnu++0x";
				CLANG_CXX_LIBRARY = "libc++";
				CLANG_ENABLE_MODULES = YES;
				CLANG_ENABLE_OBJC_ARC = YES;
				CLANG_WARN_BOOL_CONVERSION = YES;
				CLANG_WARN_CONSTANT_CONVERSION = YES;
				CLANG_WARN_DIRECT_OBJC_ISA_USAGE = YES_ERROR;
				CLANG_WARN_EMPTY_BODY = YES;
				CLANG_WARN_ENUM_CONVERSION = YES;
				CLANG_WARN_INT_CONVERSION = YES;
				CLANG_WARN_OBJC_ROOT_CLASS = YES_ERROR;
				CLANG_WARN_UNREACHABLE_CODE = YES;
				CLANG_WARN__DUPLICATE_METHOD_MATCH = YES;
				"CODE_SIGN_IDENTITY[sdk=iphoneos*]" = "iPhone Developer";
				COPY_PHASE_STRIP = NO;
				DEBUG_INFORMATION_FORMAT = dwarf;
				ENABLE_STRICT_OBJC_MSGSEND = YES;
				ENABLE_TESTABILITY = YES;
				GCC_C_LANGUAGE_STANDARD = gnu99;
				GCC_DYNAMIC_NO_PIC = NO;
				GCC_NO_COMMON_BLOCKS = YES;
				GCC_OPTIMIZATION_LEVEL = 0;
				GCC_PREPROCESSOR_DEFINITIONS = (
					"DEBUG=1",
					"$(inherited)",
				);
				GCC_WARN_64_TO_32_BIT_CONVERSION = YES;
				GCC_WARN_ABOUT_RETURN_TYPE = YES_ERROR;
				GCC_WARN_UNDECLARED_SELECTOR = YES;
				GCC_WARN_UNINITIALIZED_AUTOS = YES_AGGRESSIVE;
				GCC_WARN_UNUSED_FUNCTION = YES;
				GCC_WARN_UNUSED_VARIABLE = YES;
				IPHONEOS_DEPLOYMENT_TARGET = 9.2;
				MTL_ENABLE_DEBUG_INFO = YES;
				ONLY_ACTIVE_ARCH = YES;
				SDKROOT = iphoneos;
				SWIFT_OPTIMIZATION_LEVEL = "-Onone";
				TARGETED_DEVICE_FAMILY = "1,2";
			};
			name = Debug;
		};
		971D56A51C203C3C00BF0F71 /* Release */ = {
			isa = XCBuildConfiguration;
			buildSettings = {
				ALWAYS_SEARCH_USER_PATHS = NO;
				CLANG_CXX_LANGUAGE_STANDARD = "gnu++0x";
				CLANG_CXX_LIBRARY = "libc++";
				CLANG_ENABLE_MODULES = YES;
				CLANG_ENABLE_OBJC_ARC = YES;
				CLANG_WARN_BOOL_CONVERSION = YES;
				CLANG_WARN_CONSTANT_CONVERSION = YES;
				CLANG_WARN_DIRECT_OBJC_ISA_USAGE = YES_ERROR;
				CLANG_WARN_EMPTY_BODY = YES;
				CLANG_WARN_ENUM_CONVERSION = YES;
				CLANG_WARN_INT_CONVERSION = YES;
				CLANG_WARN_OBJC_ROOT_CLASS = YES_ERROR;
				CLANG_WARN_UNREACHABLE_CODE = YES;
				CLANG_WARN__DUPLICATE_METHOD_MATCH = YES;
				"CODE_SIGN_IDENTITY[sdk=iphoneos*]" = "iPhone Developer";
				COPY_PHASE_STRIP = NO;
				DEBUG_INFORMATION_FORMAT = "dwarf-with-dsym";
				ENABLE_NS_ASSERTIONS = NO;
				ENABLE_STRICT_OBJC_MSGSEND = YES;
				GCC_C_LANGUAGE_STANDARD = gnu99;
				GCC_NO_COMMON_BLOCKS = YES;
				GCC_WARN_64_TO_32_BIT_CONVERSION = YES;
				GCC_WARN_ABOUT_RETURN_TYPE = YES_ERROR;
				GCC_WARN_UNDECLARED_SELECTOR = YES;
				GCC_WARN_UNINITIALIZED_AUTOS = YES_AGGRESSIVE;
				GCC_WARN_UNUSED_FUNCTION = YES;
				GCC_WARN_UNUSED_VARIABLE = YES;
				IPHONEOS_DEPLOYMENT_TARGET = 9.2;
				MTL_ENABLE_DEBUG_INFO = NO;
				SDKROOT = iphoneos;
				TARGETED_DEVICE_FAMILY = "1,2";
				VALIDATE_PRODUCT = YES;
			};
			name = Release;
		};
		971D56A71C203C3C00BF0F71 /* Debug */ = {
			isa = XCBuildConfiguration;
			buildSettings = {
				ASSETCATALOG_COMPILER_APPICON_NAME = AppIcon;
				INFOPLIST_FILE = GitHubSpy/Info.plist;
				LD_RUNPATH_SEARCH_PATHS = "$(inherited) @executable_path/Frameworks";
				PRODUCT_BUNDLE_IDENTIFIER = com.zucred.GitHubSpy;
				PRODUCT_NAME = "$(TARGET_NAME)";
			};
			name = Debug;
		};
		971D56A81C203C3C00BF0F71 /* Release */ = {
			isa = XCBuildConfiguration;
			buildSettings = {
				ASSETCATALOG_COMPILER_APPICON_NAME = AppIcon;
				INFOPLIST_FILE = GitHubSpy/Info.plist;
				LD_RUNPATH_SEARCH_PATHS = "$(inherited) @executable_path/Frameworks";
				PRODUCT_BUNDLE_IDENTIFIER = com.zucred.GitHubSpy;
				PRODUCT_NAME = "$(TARGET_NAME)";
			};
			name = Release;
		};
/* End XCBuildConfiguration section */

/* Begin XCConfigurationList section */
		971D568F1C203C3C00BF0F71 /* Build configuration list for PBXProject "GitHubSpy" */ = {
			isa = XCConfigurationList;
			buildConfigurations = (
				971D56A41C203C3C00BF0F71 /* Debug */,
				971D56A51C203C3C00BF0F71 /* Release */,
			);
			defaultConfigurationIsVisible = 0;
			defaultConfigurationName = Release;
		};
		971D56A61C203C3C00BF0F71 /* Build configuration list for PBXNativeTarget "GitHubSpy" */ = {
			isa = XCConfigurationList;
			buildConfigurations = (
				971D56A71C203C3C00BF0F71 /* Debug */,
				971D56A81C203C3C00BF0F71 /* Release */,
			);
			defaultConfigurationIsVisible = 0;
			defaultConfigurationName = Release;
		};
/* End XCConfigurationList section */
	};
	rootObject = 971D568C1C203C3C00BF0F71 /* Project object */;
}
